
Microsoft Visual Studio Solution File, Format Version 12.00
# Visual Studio Version 16
VisualStudioVersion = 16.0.31313.79
MinimumVisualStudioVersion = 10.0.40219.1
Project("{FAE04EC0-301F-11D3-BF4B-00C04F79EFBC}") = "SideProject", "SideProject.csproj", "{1BB1A56C-3CAD-4E4D-A7E7-73A2512C24F3}"
EndProject
Global
	GlobalSection(SolutionConfigurationPlatforms) = preSolution
		Debug|Any CPU = Debug|Any CPU
		Release|Any CPU = Release|Any CPU
	EndGlobalSection
	GlobalSection(ProjectConfigurationPlatforms) = postSolution
		{1BB1A56C-3CAD-4E4D-A7E7-73A2512C24F3}.Debug|Any CPU.ActiveCfg = Debug|Any CPU
		{1BB1A56C-3CAD-4E4D-A7E7-73A2512C24F3}.Debug|Any CPU.Build.0 = Debug|Any CPU
		{1BB1A56C-3CAD-4E4D-A7E7-73A2512C24F3}.Release|Any CPU.ActiveCfg = Release|Any CPU
		{1BB1A56C-3CAD-4E4D-A7E7-73A2512C24F3}.Release|Any CPU.Build.0 = Release|Any CPU
	EndGlobalSection
	GlobalSection(SolutionProperties) = preSolution
		HideSolutionNode = FALSE
	EndGlobalSection
	GlobalSection(ExtensibilityGlobals) = postSolution
		SolutionGuid = {17A2B5C8-5549-490B-AC4A-D8BC87F7392F}
	EndGlobalSection
EndGlobal
